Microsoft Visual Studio Solution File, Format Version 12.00
# Visual Studio 14
VisualStudioVersion = 14.0.25420.1
MinimumVisualStudioVersion = 10.0.40219.1
Project("{FAE04EC0-301F-11D3-BF4B-00C04F79EFBC}") = "MyCompany.MyMovies.Api", "MyCompany.MyMovies.Api\MyCompany.MyMovies.Api.csproj", "{211E747A-5227-4148-B138-0245AAC745DE}"
EndProject
Project("{FAE04EC0-301F-11D3-BF4B-00C04F79EFBC}") = "MyCompany.MyMovies.Application", "MyCompany.MyMovies.Application\MyCompany.MyMovies.Application.csproj", "{650E7624-B1EC-47A1-B478-2492EDC3A614}"
EndProject
Project("{FAE04EC0-301F-11D3-BF4B-00C04F79EFBC}") = "MyCompany.MyMovies.Domain", "MyCompany.MyMovies.Domain\MyCompany.MyMovies.Domain.csproj", "{8EA9F0DD-1062-4E88-AB22-DD70757235F9}"
EndProject
Project("{FAE04EC0-301F-11D3-BF4B-00C04F79EFBC}") = "MyCompany.MyMovies.Infrastructure.Data", "MyCompany.MyMovies.Infrastructure.Data\MyCompany.MyMovies.Infrastructure.Data.csproj", "{BE9550C9-9C65-48B5-993F-A730C63056EA}"
EndProject
Project("{2150E333-8FDC-42A3-9474-1A3956D46DE8}") = "1 - Distribution", "1 - Distribution", "{6D95ECC5-16EB-416E-982E-A1A05F327605}"
EndProject
Project("{2150E333-8FDC-42A3-9474-1A3956D46DE8}") = "2 - Application", "2 - Application", "{0E9C4398-1358-4DE5-B4F7-ED4C20D0E311}"
EndProject
Project("{2150E333-8FDC-42A3-9474-1A3956D46DE8}") = "3 - Domain", "3 - Domain", "{09D8C616-F1A8-46A6-8931-645C804E75EE}"
EndProject
Project("{2150E333-8FDC-42A3-9474-1A3956D46DE8}") = "4 - Infrastructure", "4 - Infrastructure", "{9AB26042-91D4-4340-939B-C8EF14A6F66C}"
EndProject
Global
	GlobalSection(SolutionConfigurationPlatforms) = preSolution
		Debug|Any CPU = Debug|Any CPU
		Release|Any CPU = Release|Any CPU
	EndGlobalSection
	GlobalSection(ProjectConfigurationPlatforms) = postSolution
		{211E747A-5227-4148-B138-0245AAC745DE}.Debug|Any CPU.ActiveCfg = Debug|Any CPU
		{211E747A-5227-4148-B138-0245AAC745DE}.Debug|Any CPU.Build.0 = Debug|Any CPU
		{211E747A-5227-4148-B138-0245AAC745DE}.Release|Any CPU.ActiveCfg = Release|Any CPU
		{211E747A-5227-4148-B138-0245AAC745DE}.Release|Any CPU.Build.0 = Release|Any CPU
		{650E7624-B1EC-47A1-B478-2492EDC3A614}.Debug|Any CPU.ActiveCfg = Debug|Any CPU
		{650E7624-B1EC-47A1-B478-2492EDC3A614}.Debug|Any CPU.Build.0 = Debug|Any CPU
		{650E7624-B1EC-47A1-B478-2492EDC3A614}.Release|Any CPU.ActiveCfg = Release|Any CPU
		{650E7624-B1EC-47A1-B478-2492EDC3A614}.Release|Any CPU.Build.0 = Release|Any CPU
		{8EA9F0DD-1062-4E88-AB22-DD70757235F9}.Debug|Any CPU.ActiveCfg = Debug|Any CPU
		{8EA9F0DD-1062-4E88-AB22-DD70757235F9}.Debug|Any CPU.Build.0 = Debug|Any CPU
		{8EA9F0DD-1062-4E88-AB22-DD70757235F9}.Release|Any CPU.ActiveCfg = Release|Any CPU
		{8EA9F0DD-1062-4E88-AB22-DD70757235F9}.Release|Any CPU.Build.0 = Release|Any CPU
		{BE9550C9-9C65-48B5-993F-A730C63056EA}.Debug|Any CPU.ActiveCfg = Debug|Any CPU
		{BE9550C9-9C65-48B5-993F-A730C63056EA}.Debug|Any CPU.Build.0 = Debug|Any CPU
		{BE9550C9-9C65-48B5-993F-A730C63056EA}.Release|Any CPU.ActiveCfg = Release|Any CPU
		{BE9550C9-9C65-48B5-993F-A730C63056EA}.Release|Any CPU.Build.0 = Release|Any CPU
	EndGlobalSection
	GlobalSection(SolutionProperties) = preSolution
		HideSolutionNode = FALSE
	EndGlobalSection
	GlobalSection(NestedProjects) = preSolution
		{211E747A-5227-4148-B138-0245AAC745DE} = {6D95ECC5-16EB-416E-982E-A1A05F327605}
		{650E7624-B1EC-47A1-B478-2492EDC3A614} = {0E9C4398-1358-4DE5-B4F7-ED4C20D0E311}
		{8EA9F0DD-1062-4E88-AB22-DD70757235F9} = {09D8C616-F1A8-46A6-8931-645C804E75EE}
		{BE9550C9-9C65-48B5-993F-A730C63056EA} = {9AB26042-91D4-4340-939B-C8EF14A6F66C}
	EndGlobalSection
EndGlobal